{
    "hash": "b2b8d8d14745b4fcf11c99a6a39f96cf",
    "packages": [
        {
            "name": "epochblue/darksky-php",
            "version": "dev-master",
            "source": {
                "type": "git",
                "url": "https://github.com/epochblue/darksky-php",
                "reference": "v1.0.0"
            },
            "dist": {
                "type": "zip",
                "url": "https://github.com/epochblue/darksky-php/archive/v1.0.0.zip",
                "reference": "v1.0.0",
                "shasum": ""
            },
            "require": {
                "php": ">=5.2.0"
            },
            "type": "library",
            "extra": {
                "branch-alias": {
                    "dev-master": "1.0.x-dev"
                }
            },
            "autoload": {
                "psr-0": {
                    "DarkSky": "src/"
                }
            },
            "notification-url": "https://packagist.org/downloads/",
            "license": [
                "MIT"
            ],
            "authors": [
                {
                    "name": "Bill Israel",
                    "email": "bill.israel@gmail.com",
                    "homepage": "http://billisrael.info/"
                }
            ],
            "description": "A PHP wrapper for the DarkSky developer API",
            "homepage": "https://www.github.com/epochblue/darksky-php",
            "keywords": [
                "api",
                "dark sky",
                "darksky",
                "weather"
            ],
            "time": "2012-10-22 15:20:43"
        },
        {
            "name": "epochblue/philip",
            "version": "dev-master",
            "source": {
                "type": "git",
                "url": "https://github.com/epochblue/philip.git",
                "reference": "82902c5c9827772f8ed45629aad65f4a63151c8d"
            },
            "dist": {
                "type": "zip",
                "url": "https://github.com/epochblue/philip/archive/82902c5c9827772f8ed45629aad65f4a63151c8d.zip",
                "reference": "82902c5c9827772f8ed45629aad65f4a63151c8d",
                "shasum": ""
            },
            "require": {
                "monolog/monolog": "1.2.*",
                "php": ">=5.3.3",
                "symfony/event-dispatcher": "2.1.*"
            },
            "require-dev": {
                "atoum/atoum": "dev-master"
            },
            "type": "library",
            "extra": {
                "branch-alias": {
                    "dev-master": "1.1.x-dev"
                }
            },
            "autoload": {
                "psr-0": {
                    "Philip": "src/"
                }
            },
            "notification-url": "https://packagist.org/downloads/",
            "license": [
                "MIT"
            ],
            "authors": [
                {
                    "name": "Bill Israel",
                    "email": "bill.israel@gmail.com",
                    "homepage": "http://billisrael.info/"
                }
            ],
            "description": "A Slim-inspired IRC bot framework",
            "homepage": "https://github.com/epochblue/philip",
            "keywords": [
                "DSL",
                "bot",
                "irc"
            ],
            "time": "2013-01-19 21:22:14"
        },
        {
            "name": "epochblue/philip-plugins",
            "version": "dev-master",
            "source": {
                "type": "git",
                "url": "https://github.com/epochblue/philip-plugins.git",
                "reference": "1ba018b43f3644242142a3d668aeba5e640d0c2b"
            },
            "dist": {
                "type": "zip",
                "url": "https://api.github.com/repos/epochblue/philip-plugins/zipball/1ba018b43f3644242142a3d668aeba5e640d0c2b",
                "reference": "1ba018b43f3644242142a3d668aeba5e640d0c2b",
                "shasum": ""
            },
            "require": {
                "epochblue/darksky-php": "1.0.x",
                "php": ">=5.3.3"
            },
            "require-dev": {
                "epochblue/philip": "dev-master"
            },
            "type": "library",
            "extra": {
                "branch-alias": {
                    "dev-master": "1.1.x-dev"
                }
            },
            "autoload": {
                "psr-0": {
                    "Philip\\Plugin": "src/"
                }
            },
            "notification-url": "https://packagist.org/downloads/",
            "license": [
                "MIT"
            ],
            "authors": [
                {
                    "name": "Bill Israel",
                    "email": "bill.israel@gmail.com",
                    "homepage": "http://billisrael.info/"
                }
            ],
            "description": "Plugins for the Philip IRC bot",
            "homepage": "https://github.com/epochblue/philip-plugins",
            "keywords": [
                "DSL",
                "bot",
                "irc",
                "plugin",
                "plugins"
            ],
            "time": "2013-03-18 17:31:26"
        },
        {
            "name": "monolog/monolog",
            "version": "1.2.1",
            "source": {
                "type": "git",
                "url": "https://github.com/Seldaek/monolog",
                "reference": "1.2.1"
            },
            "dist": {
                "type": "zip",
                "url": "https://github.com/Seldaek/monolog/zipball/1.2.1",
                "reference": "1.2.1",
                "shasum": ""
            },
            "require": {
                "php": ">=5.3.0"
            },
            "require-dev": {
                "mlehner/gelf-php": "1.0.*"
            },
            "suggest": {
                "ext-amqp": "Allow sending log messages to an AMQP server (1.0+ required)",
                "ext-mongo": "Allow sending log messages to a MongoDB server",
                "mlehner/gelf-php": "Allow sending log messages to a GrayLog2 server"
            },
            "type": "library",
            "extra": {
                "branch-alias": {
                    "dev-master": "1.3.x-dev"
                }
            },
            "autoload": {
                "psr-0": {
                    "Monolog": "src/"
                }
            },
            "license": [
                "MIT"
            ],
            "authors": [
                {
                    "name": "Jordi Boggiano",
                    "email": "j.boggiano@seld.be",
                    "homepage": "http://seld.be",
                    "role": "Developer"
                }
            ],
            "description": "Logging for PHP 5.3",
            "homepage": "http://github.com/Seldaek/monolog",
            "keywords": [
                "log",
                "logging"
            ],
            "time": "2012-08-29 04:53:20"
        },
        {
            "name": "symfony/event-dispatcher",
            "version": "2.1.x-dev",
            "target-dir": "Symfony/Component/EventDispatcher",
            "source": {
                "type": "git",
                "url": "https://github.com/symfony/EventDispatcher",
                "reference": "v2.1.7"
            },
            "dist": {
                "type": "zip",
                "url": "https://github.com/symfony/EventDispatcher/archive/v2.1.7.zip",
                "reference": "v2.1.7",
                "shasum": ""
            },
            "require": {
                "php": ">=5.3.3"
            },
            "require-dev": {
                "symfony/dependency-injection": "2.1.*"
            },
            "suggest": {
                "symfony/dependency-injection": "2.1.*",
                "symfony/http-kernel": "2.1.*"
            },
            "type": "library",
            "autoload": {
                "psr-0": {
                    "Symfony\\Component\\EventDispatcher": ""
                }
            },
            "notification-url": "https://packagist.org/downloads/",
            "license": [
                "MIT"
            ],
            "authors": [
                {
                    "name": "Fabien Potencier",
                    "email": "fabien@symfony.com"
                },
                {
                    "name": "Symfony Community",
                    "homepage": "http://symfony.com/contributors"
                }
            ],
            "description": "Symfony EventDispatcher Component",
            "homepage": "http://symfony.com",
            "time": "2013-01-11 00:31:43"
        }
    ],
    "packages-dev": [

    ],
    "aliases": [

    ],
    "minimum-stability": "dev",
    "stability-flags": {
        "epochblue/philip": 20,
        "epochblue/philip-plugins": 20
    },
    "platform": [

    ],
    "platform-dev": [

    ]
}
