{
    "hash": "c43e961f7bfe5165318fdec55e7761ea",
    "packages": [
        {
            "package": "epochblue/philip",
            "version": "dev-master",
            "source-reference": "2e47bd1a7d375625b4bdf7431d47c9066c9590c2",
            "commit-date": "1346595604"
        },
        {
            "package": "monolog/monolog",
            "version": "1.2.1"
        }
    ],
    "packages-dev": null,
    "aliases": [

    ],
    "minimum-stability": "stable",
    "stability-flags": {
        "epochblue/philip": 20
    }
}
